
Microsoft Visual Studio Solution File, Format Version 12.00
# Visual Studio 14
VisualStudioVersion = 14.0.25123.0
MinimumVisualStudioVersion = 10.0.40219.1
Project("{FAE04EC0-301F-11D3-BF4B-00C04F79EFBC}") = "libABCD", "libABCD\libABCD.csproj", "{33C3F863-C98D-4E20-8D2D-1A8CBC3F6610}"
EndProject
Project("{2150E333-8FDC-42A3-9474-1A3956D46DE8}") = "Exploration", "Exploration", "{60A209AD-ACC4-460D-91F0-D4A25376BEF6}"
EndProject
Project("{FAE04EC0-301F-11D3-BF4B-00C04F79EFBC}") = "ABCDExplorer", "ABCDExplorer\ABCDExplorer.csproj", "{BF2EFB25-E9DF-4B9B-84EA-DCC3F5E466A0}"
EndProject
Project("{2150E333-8FDC-42A3-9474-1A3956D46DE8}") = "Solution Items", "Solution Items", "{E5E04293-67FB-4805-96F0-124090A43045}"
	ProjectSection(SolutionItems) = preProject
		.gitignore = .gitignore
		Nuget.config = Nuget.config
		README.md = README.md
	EndProjectSection
EndProject
Global
	GlobalSection(SolutionConfigurationPlatforms) = preSolution
		Debug|x86 = Debug|x86
		Release|x86 = Release|x86
	EndGlobalSection
	GlobalSection(ProjectConfigurationPlatforms) = postSolution
		{33C3F863-C98D-4E20-8D2D-1A8CBC3F6610}.Debug|x86.ActiveCfg = Debug|x86
		{33C3F863-C98D-4E20-8D2D-1A8CBC3F6610}.Debug|x86.Build.0 = Debug|x86
		{33C3F863-C98D-4E20-8D2D-1A8CBC3F6610}.Release|x86.ActiveCfg = Release|x86
		{33C3F863-C98D-4E20-8D2D-1A8CBC3F6610}.Release|x86.Build.0 = Release|x86
		{BF2EFB25-E9DF-4B9B-84EA-DCC3F5E466A0}.Debug|x86.ActiveCfg = Debug|x86
		{BF2EFB25-E9DF-4B9B-84EA-DCC3F5E466A0}.Debug|x86.Build.0 = Debug|x86
		{BF2EFB25-E9DF-4B9B-84EA-DCC3F5E466A0}.Release|x86.ActiveCfg = Release|x86
		{BF2EFB25-E9DF-4B9B-84EA-DCC3F5E466A0}.Release|x86.Build.0 = Release|x86
	EndGlobalSection
	GlobalSection(SolutionProperties) = preSolution
		HideSolutionNode = FALSE
	EndGlobalSection
	GlobalSection(NestedProjects) = preSolution
		{BF2EFB25-E9DF-4B9B-84EA-DCC3F5E466A0} = {60A209AD-ACC4-460D-91F0-D4A25376BEF6}
	EndGlobalSection
EndGlobal
